schema: '2.0'
stages:
  collect_history:
    cmd: python code/datasets/collect_history.py
    outs:
    - path: data/raw/weather_history.csv
      hash: md5
      md5: a7eff4b8fbff2b9a9e325e9b4edace75
      size: 2557768
  prepare:
    cmd: python code/datasets/prepare_dataset.py
    deps:
    - path: code/datasets/prepare_dataset.py
      hash: md5
      md5: 2cc08bf5eb16cbc81a8ef82523003925
      size: 1972
    - path: data/raw/weather_history.csv
      hash: md5
      md5: a7eff4b8fbff2b9a9e325e9b4edace75
      size: 2557768
    outs:
    - path: data/processed/test.csv
      hash: md5
      md5: bbfc5219ca96c40310d9014231bf238f
      size: 376393
    - path: data/processed/train.csv
      hash: md5
      md5: 7a8fc50bbefca3d1ea391c72b4050a07
      size: 1511556
